// !$*UTF8*$!
{
	archiveVersion = 1;
	classes = {
	};
	objectVersion = 56;
	objects = {

/* Begin PBXBuildFile section */
		D7AFC56F2C6BA83E006FC710 /* LocationsView.swift in Sources */ = {isa = PBXBuildFile; fileRef = D7AFC56E2C6BA83E006FC710 /* LocationsView.swift */; };
		D7AFC5712C6BB0B9006FC710 /* LocationsViewModel.swift in Sources */ = {isa = PBXBuildFile; fileRef = D7AFC5702C6BB0B9006FC710 /* LocationsViewModel.swift */; };
		D7DCCA0F2C6A1B9D001FAC08 /* TourMapApp.swift in Sources */ = {isa = PBXBuildFile; fileRef = D7DCCA0E2C6A1B9D001FAC08 /* TourMapApp.swift */; };
		D7DCCA112C6A1B9D001FAC08 /* ContentView.swift in Sources */ = {isa = PBXBuildFile; fileRef = D7DCCA102C6A1B9D001FAC08 /* ContentView.swift */; };
		D7DCCA162C6A1B9F001FAC08 /* Preview Assets.xcassets in Resources */ = {isa = PBXBuildFile; fileRef = D7DCCA152C6A1B9F001FAC08 /* Preview Assets.xcassets */; };
		D7DCCA1D2C6A1C0E001FAC08 /* Assets.xcassets in Resources */ = {isa = PBXBuildFile; fileRef = D7DCCA1C2C6A1C0E001FAC08 /* Assets.xcassets */; };
		D7DCCA222C6A1DF9001FAC08 /* Location.swift in Sources */ = {isa = PBXBuildFile; fileRef = D7DCCA212C6A1DF9001FAC08 /* Location.swift */; };
		D7DCCA252C6A1FBC001FAC08 /* LocationsDataService.swift in Sources */ = {isa = PBXBuildFile; fileRef = D7DCCA242C6A1FBC001FAC08 /* LocationsDataService.swift */; };
/* End PBXBuildFile section */

/* Begin PBXFileReference section */
		D7AFC56E2C6BA83E006FC710 /* LocationsView.swift */ = {isa = PBXFileReference; lastKnownFileType = sourcecode.swift; path = LocationsView.swift; sourceTree = "<group>"; };
		D7AFC5702C6BB0B9006FC710 /* LocationsViewModel.swift */ = {isa = PBXFileReference; lastKnownFileType = sourcecode.swift; path = LocationsViewModel.swift; sourceTree = "<group>"; };
		D7DCCA0B2C6A1B9D001FAC08 /* TourMap.app */ = {isa = PBXFileReference; explicitFileType = wrapper.application; includeInIndex = 0; path = TourMap.app; sourceTree = BUILT_PRODUCTS_DIR; };
		D7DCCA0E2C6A1B9D001FAC08 /* TourMapApp.swift */ = {isa = PBXFileReference; lastKnownFileType = sourcecode.swift; path = TourMapApp.swift; sourceTree = "<group>"; };
		D7DCCA102C6A1B9D001FAC08 /* ContentView.swift */ = {isa = PBXFileReference; lastKnownFileType = sourcecode.swift; path = ContentView.swift; sourceTree = "<group>"; };
		D7DCCA152C6A1B9F001FAC08 /* Preview Assets.xcassets */ = {isa = PBXFileReference; lastKnownFileType = folder.assetcatalog; path = "Preview Assets.xcassets"; sourceTree = "<group>"; };
		D7DCCA1C2C6A1C0E001FAC08 /* Assets.xcassets */ = {isa = PBXFileReference; lastKnownFileType = folder.assetcatalog; path = Assets.xcassets; sourceTree = "<group>"; };
		D7DCCA212C6A1DF9001FAC08 /* Location.swift */ = {isa = PBXFileReference; lastKnownFileType = sourcecode.swift; path = Location.swift; sourceTree = "<group>"; };
		D7DCCA242C6A1FBC001FAC08 /* LocationsDataService.swift */ = {isa = PBXFileReference; fileEncoding = 4; lastKnownFileType = sourcecode.swift; path = LocationsDataService.swift; sourceTree = "<group>"; };
/* End PBXFileReference section */

/* Begin PBXFrameworksBuildPhase section */
		D7DCCA082C6A1B9D001FAC08 /* Frameworks */ = {
			isa = PBXFrameworksBuildPhase;
			buildActionMask = 2147483647;
			files = (
			);
			runOnlyForDeploymentPostprocessing = 0;
		};
/* End PBXFrameworksBuildPhase section */

/* Begin PBXGroup section */
		D7DCCA022C6A1B9D001FAC08 = {
			isa = PBXGroup;
			children = (
				D7DCCA0D2C6A1B9D001FAC08 /* TourMap */,
				D7DCCA0C2C6A1B9D001FAC08 /* Products */,
			);
			sourceTree = "<group>";
		};
		D7DCCA0C2C6A1B9D001FAC08 /* Products */ = {
			isa = PBXGroup;
			children = (
				D7DCCA0B2C6A1B9D001FAC08 /* TourMap.app */,
			);
			name = Products;
			sourceTree = "<group>";
		};
		D7DCCA0D2C6A1B9D001FAC08 /* TourMap */ = {
			isa = PBXGroup;
			children = (
				D7DCCA102C6A1B9D001FAC08 /* ContentView.swift */,
				D7DCCA0E2C6A1B9D001FAC08 /* TourMapApp.swift */,
				D7DCCA232C6A1F76001FAC08 /* DataServices */,
				D7DCCA1F2C6A1D0A001FAC08 /* Views */,
				D7DCCA202C6A1D12001FAC08 /* ViewModels */,
				D7DCCA1E2C6A1D03001FAC08 /* Models */,
				D7DCCA1C2C6A1C0E001FAC08 /* Assets.xcassets */,
				D7DCCA142C6A1B9F001FAC08 /* Preview Content */,
			);
			path = TourMap;
			sourceTree = "<group>";
		};
		D7DCCA142C6A1B9F001FAC08 /* Preview Content */ = {
			isa = PBXGroup;
			children = (
				D7DCCA152C6A1B9F001FAC08 /* Preview Assets.xcassets */,
			);
			path = "Preview Content";
			sourceTree = "<group>";
		};
		D7DCCA1E2C6A1D03001FAC08 /* Models */ = {
			isa = PBXGroup;
			children = (
				D7DCCA212C6A1DF9001FAC08 /* Location.swift */,
			);
			path = Models;
			sourceTree = "<group>";
		};
		D7DCCA1F2C6A1D0A001FAC08 /* Views */ = {
			isa = PBXGroup;
			children = (
				D7AFC56E2C6BA83E006FC710 /* LocationsView.swift */,
			);
			path = Views;
			sourceTree = "<group>";
		};
		D7DCCA202C6A1D12001FAC08 /* ViewModels */ = {
			isa = PBXGroup;
			children = (
				D7AFC5702C6BB0B9006FC710 /* LocationsViewModel.swift */,
			);
			path = ViewModels;
			sourceTree = "<group>";
		};
		D7DCCA232C6A1F76001FAC08 /* DataServices */ = {
			isa = PBXGroup;
			children = (
				D7DCCA242C6A1FBC001FAC08 /* LocationsDataService.swift */,
			);
			path = DataServices;
			sourceTree = "<group>";
		};
/* End PBXGroup section */

/* Begin PBXNativeTarget section */
		D7DCCA0A2C6A1B9D001FAC08 /* TourMap */ = {
			isa = PBXNativeTarget;
			buildConfigurationList = D7DCCA192C6A1B9F001FAC08 /* Build configuration list for PBXNativeTarget "TourMap" */;
			buildPhases = (
				D7DCCA072C6A1B9D001FAC08 /* Sources */,
				D7DCCA082C6A1B9D001FAC08 /* Frameworks */,
				D7DCCA092C6A1B9D001FAC08 /* Resources */,
			);
			buildRules = (
			);
			dependencies = (
			);
			name = TourMap;
			productName = TourMap;
			productReference = D7DCCA0B2C6A1B9D001FAC08 /* TourMap.app */;
			productType = "com.apple.product-type.application";
		};
/* End PBXNativeTarget section */

/* Begin PBXProject section */
		D7DCCA032C6A1B9D001FAC08 /* Project object */ = {
			isa = PBXProject;
			attributes = {
				BuildIndependentTargetsInParallel = 1;
				LastSwiftUpdateCheck = 1540;
				LastUpgradeCheck = 1540;
				TargetAttributes = {
					D7DCCA0A2C6A1B9D001FAC08 = {
						CreatedOnToolsVersion = 15.4;
					};
				};
			};
			buildConfigurationList = D7DCCA062C6A1B9D001FAC08 /* Build configuration list for PBXProject "TourMap" */;
			compatibilityVersion = "Xcode 14.0";
			developmentRegion = en;
			hasScannedForEncodings = 0;
			knownRegions = (
				en,
				Base,
			);
			mainGroup = D7DCCA022C6A1B9D001FAC08;
			productRefGroup = D7DCCA0C2C6A1B9D001FAC08 /* Products */;
			projectDirPath = "";
			projectRoot = "";
			targets = (
				D7DCCA0A2C6A1B9D001FAC08 /* TourMap */,
			);
		};
/* End PBXProject section */

/* Begin PBXResourcesBuildPhase section */
		D7DCCA092C6A1B9D001FAC08 /* Resources */ = {
			isa = PBXResourcesBuildPhase;
			buildActionMask = 2147483647;
			files = (
				D7DCCA1D2C6A1C0E001FAC08 /* Assets.xcassets in Resources */,
				D7DCCA162C6A1B9F001FAC08 /* Preview Assets.xcassets in Resources */,
			);
			runOnlyForDeploymentPostprocessing = 0;
		};
/* End PBXResourcesBuildPhase section */

/* Begin PBXSourcesBuildPhase section */
		D7DCCA072C6A1B9D001FAC08 /* Sources */ = {
			isa = PBXSourcesBuildPhase;
			buildActionMask = 2147483647;
			files = (
				D7DCCA252C6A1FBC001FAC08 /* LocationsDataService.swift in Sources */,
				D7AFC5712C6BB0B9006FC710 /* LocationsViewModel.swift in Sources */,
				D7DCCA112C6A1B9D001FAC08 /* ContentView.swift in Sources */,
				D7AFC56F2C6BA83E006FC710 /* LocationsView.swift in Sources */,
				D7DCCA222C6A1DF9001FAC08 /* Location.swift in Sources */,
				D7DCCA0F2C6A1B9D001FAC08 /* TourMapApp.swift in Sources */,
			);
			runOnlyForDeploymentPostprocessing = 0;
		};
/* End PBXSourcesBuildPhase section */

/* Begin XCBuildConfiguration section */
		D7DCCA172C6A1B9F001FAC08 /* Debug */ = {
			isa = XCBuildConfiguration;
			buildSettings = {
				ALWAYS_SEARCH_USER_PATHS = NO;
				ASSETCATALOG_COMPILER_GENERATE_SWIFT_ASSET_SYMBOL_EXTENSIONS = YES;
				CLANG_ANALYZER_NONNULL = YES;
				CLANG_ANALYZER_NUMBER_OBJECT_CONVERSION = YES_AGGRESSIVE;
				CLANG_CXX_LANGUAGE_STANDARD = "gnu++20";
				CLANG_ENABLE_MODULES = YES;
				CLANG_ENABLE_OBJC_ARC = YES;
				CLANG_ENABLE_OBJC_WEAK = YES;
				CLANG_WARN_BLOCK_CAPTURE_AUTORELEASING = YES;
				CLANG_WARN_BOOL_CONVERSION = YES;
				CLANG_WARN_COMMA = YES;
				CLANG_WARN_CONSTANT_CONVERSION = YES;
				CLANG_WARN_DEPRECATED_OBJC_IMPLEMENTATIONS = YES;
				CLANG_WARN_DIRECT_OBJC_ISA_USAGE = YES_ERROR;
				CLANG_WARN_DOCUMENTATION_COMMENTS = YES;
				CLANG_WARN_EMPTY_BODY = YES;
				CLANG_WARN_ENUM_CONVERSION = YES;
				CLANG_WARN_INFINITE_RECURSION = YES;
				CLANG_WARN_INT_CONVERSION = YES;
				CLANG_WARN_NON_LITERAL_NULL_CONVERSION = YES;
				CLANG_WARN_OBJC_IMPLICIT_RETAIN_SELF = YES;
				CLANG_WARN_OBJC_LITERAL_CONVERSION = YES;
				CLANG_WARN_OBJC_ROOT_CLASS = YES_ERROR;
				CLANG_WARN_QUOTED_INCLUDE_IN_FRAMEWORK_HEADER = YES;
				CLANG_WARN_RANGE_LOOP_ANALYSIS = YES;
				CLANG_WARN_STRICT_PROTOTYPES = YES;
				CLANG_WARN_SUSPICIOUS_MOVE = YES;
				CLANG_WARN_UNGUARDED_AVAILABILITY = YES_AGGRESSIVE;
				CLANG_WARN_UNREACHABLE_CODE = YES;
				CLANG_WARN__DUPLICATE_METHOD_MATCH = YES;
				COPY_PHASE_STRIP = NO;
				DEBUG_INFORMATION_FORMAT = dwarf;
				ENABLE_STRICT_OBJC_MSGSEND = YES;
				ENABLE_TESTABILITY = YES;
				ENABLE_USER_SCRIPT_SANDBOXING = YES;
				GCC_C_LANGUAGE_STANDARD = gnu17;
				GCC_DYNAMIC_NO_PIC = NO;
				GCC_NO_COMMON_BLOCKS = YES;
				GCC_OPTIMIZATION_LEVEL = 0;
				GCC_PREPROCESSOR_DEFINITIONS = (
					"DEBUG=1",
					"$(inherited)",
				);
				GCC_WARN_64_TO_32_BIT_CONVERSION = YES;
				GCC_WARN_ABOUT_RETURN_TYPE = YES_ERROR;
				GCC_WARN_UNDECLARED_SELECTOR = YES;
				GCC_WARN_UNINITIALIZED_AUTOS = YES_AGGRESSIVE;
				GCC_WARN_UNUSED_FUNCTION = YES;
				GCC_WARN_UNUSED_VARIABLE = YES;
				IPHONEOS_DEPLOYMENT_TARGET = 17.5;
				LOCALIZATION_PREFERS_STRING_CATALOGS = YES;
				MTL_ENABLE_DEBUG_INFO = INCLUDE_SOURCE;
				MTL_FAST_MATH = YES;
				ONLY_ACTIVE_ARCH = YES;
				SDKROOT = iphoneos;
				SWIFT_ACTIVE_COMPILATION_CONDITIONS = "DEBUG $(inherited)";
				SWIFT_OPTIMIZATION_LEVEL = "-Onone";
			};
			name = Debug;
		};
		D7DCCA182C6A1B9F001FAC08 /* Release */ = {
			isa = XCBuildConfiguration;
			buildSettings = {
				ALWAYS_SEARCH_USER_PATHS = NO;
				ASSETCATALOG_COMPILER_GENERATE_SWIFT_ASSET_SYMBOL_EXTENSIONS = YES;
				CLANG_ANALYZER_NONNULL = YES;
				CLANG_ANALYZER_NUMBER_OBJECT_CONVERSION = YES_AGGRESSIVE;
				CLANG_CXX_LANGUAGE_STANDARD = "gnu++20";
				CLANG_ENABLE_MODULES = YES;
				CLANG_ENABLE_OBJC_ARC = YES;
				CLANG_ENABLE_OBJC_WEAK = YES;
				CLANG_WARN_BLOCK_CAPTURE_AUTORELEASING = YES;
				CLANG_WARN_BOOL_CONVERSION = YES;
				CLANG_WARN_COMMA = YES;
				CLANG_WARN_CONSTANT_CONVERSION = YES;
				CLANG_WARN_DEPRECATED_OBJC_IMPLEMENTATIONS = YES;
				CLANG_WARN_DIRECT_OBJC_ISA_USAGE = YES_ERROR;
				CLANG_WARN_DOCUMENTATION_COMMENTS = YES;
				CLANG_WARN_EMPTY_BODY = YES;
				CLANG_WARN_ENUM_CONVERSION = YES;
				CLANG_WARN_INFINITE_RECURSION = YES;
				CLANG_WARN_INT_CONVERSION = YES;
				CLANG_WARN_NON_LITERAL_NULL_CONVERSION = YES;
				CLANG_WARN_OBJC_IMPLICIT_RETAIN_SELF = YES;
				CLANG_WARN_OBJC_LITERAL_CONVERSION = YES;
				CLANG_WARN_OBJC_ROOT_CLASS = YES_ERROR;
				CLANG_WARN_QUOTED_INCLUDE_IN_FRAMEWORK_HEADER = YES;
				CLANG_WARN_RANGE_LOOP_ANALYSIS = YES;
				CLANG_WARN_STRICT_PROTOTYPES = YES;
				CLANG_WARN_SUSPICIOUS_MOVE = YES;
				CLANG_WARN_UNGUARDED_AVAILABILITY = YES_AGGRESSIVE;
				CLANG_WARN_UNREACHABLE_CODE = YES;
				CLANG_WARN__DUPLICATE_METHOD_MATCH = YES;
				COPY_PHASE_STRIP = NO;
				DEBUG_INFORMATION_FORMAT = "dwarf-with-dsym";
				ENABLE_NS_ASSERTIONS = NO;
				ENABLE_STRICT_OBJC_MSGSEND = YES;
				ENABLE_USER_SCRIPT_SANDBOXING = YES;
				GCC_C_LANGUAGE_STANDARD = gnu17;
				GCC_NO_COMMON_BLOCKS = YES;
				GCC_WARN_64_TO_32_BIT_CONVERSION = YES;
				GCC_WARN_ABOUT_RETURN_TYPE = YES_ERROR;
				GCC_WARN_UNDECLARED_SELECTOR = YES;
				GCC_WARN_UNINITIALIZED_AUTOS = YES_AGGRESSIVE;
				GCC_WARN_UNUSED_FUNCTION = YES;
				GCC_WARN_UNUSED_VARIABLE = YES;
				IPHONEOS_DEPLOYMENT_TARGET = 17.5;
				LOCALIZATION_PREFERS_STRING_CATALOGS = YES;
				MTL_ENABLE_DEBUG_INFO = NO;
				MTL_FAST_MATH = YES;
				SDKROOT = iphoneos;
				SWIFT_COMPILATION_MODE = wholemodule;
				VALIDATE_PRODUCT = YES;
			};
			name = Release;
		};
		D7DCCA1A2C6A1B9F001FAC08 /* Debug */ = {
			isa = XCBuildConfiguration;
			buildSettings = {
				ASSETCATALOG_COMPILER_APPICON_NAME = AppIcon;
				ASSETCATALOG_COMPILER_GLOBAL_ACCENT_COLOR_NAME = AccentColor;
				CODE_SIGN_STYLE = Automatic;
				CURRENT_PROJECT_VERSION = 1;
				DEVELOPMENT_ASSET_PATHS = "\"TourMap/Preview Content\"";
				DEVELOPMENT_TEAM = 462RNDQFB9;
				ENABLE_PREVIEWS = YES;
				GENERATE_INFOPLIST_FILE = YES;
				INFOPLIST_KEY_UIApplicationSceneManifest_Generation = YES;
				INFOPLIST_KEY_UIApplicationSupportsIndirectInputEvents = YES;
				INFOPLIST_KEY_UILaunchScreen_Generation = YES;
				INFOPLIST_KEY_UISupportedInterfaceOrientations_iPad = "UIInterfaceOrientationPortrait UIInterfaceOrientationPortraitUpsideDown UIInterfaceOrientationLandscapeLeft UIInterfaceOrientationLandscapeRight";
				INFOPLIST_KEY_UISupportedInterfaceOrientations_iPhone = "UIInterfaceOrientationPortrait UIInterfaceOrientationLandscapeLeft UIInterfaceOrientationLandscapeRight";
				LD_RUNPATH_SEARCH_PATHS = (
					"$(inherited)",
					"@executable_path/Frameworks",
				);
				MARKETING_VERSION = 1.0;
				PRODUCT_BUNDLE_IDENTIFIER = "Stepan-Krasnov.TourMap";
				PRODUCT_NAME = "$(TARGET_NAME)";
				SWIFT_EMIT_LOC_STRINGS = YES;
				SWIFT_VERSION = 5.0;
				TARGETED_DEVICE_FAMILY = "1,2";
			};
			name = Debug;
		};
		D7DCCA1B2C6A1B9F001FAC08 /* Release */ = {
			isa = XCBuildConfiguration;
			buildSettings = {
				ASSETCATALOG_COMPILER_APPICON_NAME = AppIcon;
				ASSETCATALOG_COMPILER_GLOBAL_ACCENT_COLOR_NAME = AccentColor;
				CODE_SIGN_STYLE = Automatic;
				CURRENT_PROJECT_VERSION = 1;
				DEVELOPMENT_ASSET_PATHS = "\"TourMap/Preview Content\"";
				DEVELOPMENT_TEAM = 462RNDQFB9;
				ENABLE_PREVIEWS = YES;
				GENERATE_INFOPLIST_FILE = YES;
				INFOPLIST_KEY_UIApplicationSceneManifest_Generation = YES;
				INFOPLIST_KEY_UIApplicationSupportsIndirectInputEvents = YES;
				INFOPLIST_KEY_UILaunchScreen_Generation = YES;
				INFOPLIST_KEY_UISupportedInterfaceOrientations_iPad = "UIInterfaceOrientationPortrait UIInterfaceOrientationPortraitUpsideDown UIInterfaceOrientationLandscapeLeft UIInterfaceOrientationLandscapeRight";
				INFOPLIST_KEY_UISupportedInterfaceOrientations_iPhone = "UIInterfaceOrientationPortrait UIInterfaceOrientationLandscapeLeft UIInterfaceOrientationLandscapeRight";
				LD_RUNPATH_SEARCH_PATHS = (
					"$(inherited)",
					"@executable_path/Frameworks",
				);
				MARKETING_VERSION = 1.0;
				PRODUCT_BUNDLE_IDENTIFIER = "Stepan-Krasnov.TourMap";
				PRODUCT_NAME = "$(TARGET_NAME)";
				SWIFT_EMIT_LOC_STRINGS = YES;
				SWIFT_VERSION = 5.0;
				TARGETED_DEVICE_FAMILY = "1,2";
			};
			name = Release;
		};
/* End XCBuildConfiguration section */

/* Begin XCConfigurationList section */
		D7DCCA062C6A1B9D001FAC08 /* Build configuration list for PBXProject "TourMap" */ = {
			isa = XCConfigurationList;
			buildConfigurations = (
				D7DCCA172C6A1B9F001FAC08 /* Debug */,
				D7DCCA182C6A1B9F001FAC08 /* Release */,
			);
			defaultConfigurationIsVisible = 0;
			defaultConfigurationName = Release;
		};
		D7DCCA192C6A1B9F001FAC08 /* Build configuration list for PBXNativeTarget "TourMap" */ = {
			isa = XCConfigurationList;
			buildConfigurations = (
				D7DCCA1A2C6A1B9F001FAC08 /* Debug */,
				D7DCCA1B2C6A1B9F001FAC08 /* Release */,
			);
			defaultConfigurationIsVisible = 0;
			defaultConfigurationName = Release;
		};
/* End XCConfigurationList section */
	};
	rootObject = D7DCCA032C6A1B9D001FAC08 /* Project object */;
}
